
Microsoft Visual Studio Solution File, Format Version 12.00
# Visual Studio 2012
Project("{FAE04EC0-301F-11D3-BF4B-00C04F79EFBC}") = "IparcialLabo2_tony", "IparcialLabo2_tony\IparcialLabo2_tony.csproj", "{D5BAD9DB-536F-4476-86DA-082001EB63DB}"
EndProject
Project("{FAE04EC0-301F-11D3-BF4B-00C04F79EFBC}") = "ClassLibrary1", "ClassLibrary1\ClassLibrary1.csproj", "{57999F08-485D-4E16-BF03-927FEE0D6189}"
EndProject
Global
	GlobalSection(SolutionConfigurationPlatforms) = preSolution
		Debug|Any CPU = Debug|Any CPU
		Release|Any CPU = Release|Any CPU
	EndGlobalSection
	GlobalSection(ProjectConfigurationPlatforms) = postSolution
		{D5BAD9DB-536F-4476-86DA-082001EB63DB}.Debug|Any CPU.ActiveCfg = Debug|Any CPU
		{D5BAD9DB-536F-4476-86DA-082001EB63DB}.Debug|Any CPU.Build.0 = Debug|Any CPU
		{D5BAD9DB-536F-4476-86DA-082001EB63DB}.Release|Any CPU.ActiveCfg = Release|Any CPU
		{D5BAD9DB-536F-4476-86DA-082001EB63DB}.Release|Any CPU.Build.0 = Release|Any CPU
		{57999F08-485D-4E16-BF03-927FEE0D6189}.Debug|Any CPU.ActiveCfg = Debug|Any CPU
		{57999F08-485D-4E16-BF03-927FEE0D6189}.Debug|Any CPU.Build.0 = Debug|Any CPU
		{57999F08-485D-4E16-BF03-927FEE0D6189}.Release|Any CPU.ActiveCfg = Release|Any CPU
		{57999F08-485D-4E16-BF03-927FEE0D6189}.Release|Any CPU.Build.0 = Release|Any CPU
	EndGlobalSection
	GlobalSection(SolutionProperties) = preSolution
		HideSolutionNode = FALSE
	EndGlobalSection
EndGlobal
